
Microsoft Visual Studio Solution File, Format Version 12.00
# Visual Studio Version 17
VisualStudioVersion = 17.9.34414.90
MinimumVisualStudioVersion = 10.0.40219.1
Project("{FAE04EC0-301F-11D3-BF4B-00C04F79EFBC}") = "LosslessObservable", "LosslessObservable\LosslessObservable.csproj", "{898805ED-1B69-48FB-B569-35FBAD563D9E}"
EndProject
Global
	GlobalSection(SolutionConfigurationPlatforms) = preSolution
		Debug|Any CPU = Debug|Any CPU
		Release|Any CPU = Release|Any CPU
	EndGlobalSection
	GlobalSection(ProjectConfigurationPlatforms) = postSolution
		{898805ED-1B69-48FB-B569-35FBAD563D9E}.Debug|Any CPU.ActiveCfg = Debug|Any CPU
		{898805ED-1B69-48FB-B569-35FBAD563D9E}.Debug|Any CPU.Build.0 = Debug|Any CPU
		{898805ED-1B69-48FB-B569-35FBAD563D9E}.Release|Any CPU.ActiveCfg = Release|Any CPU
		{898805ED-1B69-48FB-B569-35FBAD563D9E}.Release|Any CPU.Build.0 = Release|Any CPU
	EndGlobalSection
	GlobalSection(SolutionProperties) = preSolution
		HideSolutionNode = FALSE
	EndGlobalSection
	GlobalSection(ExtensibilityGlobals) = postSolution
		SolutionGuid = {C19B1FB3-54BD-4411-B084-D87C7869D955}
	EndGlobalSection
EndGlobal
