
Microsoft Visual Studio Solution File, Format Version 12.00
# Visual Studio Version 16
VisualStudioVersion = 16.0.30225.117
MinimumVisualStudioVersion = 10.0.40219.1
Project("{FAE04EC0-301F-11D3-BF4B-00C04F79EFBC}") = "LocalizedResources", "LocalizedResources.csproj", "{71A8C5B2-759C-4462-8D97-1414A1714204}"
EndProject
Global
	GlobalSection(SolutionConfigurationPlatforms) = preSolution
		Debug|Any CPU = Debug|Any CPU
		Release|Any CPU = Release|Any CPU
	EndGlobalSection
	GlobalSection(ProjectConfigurationPlatforms) = postSolution
		{71A8C5B2-759C-4462-8D97-1414A1714204}.Debug|Any CPU.ActiveCfg = Debug|Any CPU
		{71A8C5B2-759C-4462-8D97-1414A1714204}.Debug|Any CPU.Build.0 = Debug|Any CPU
		{71A8C5B2-759C-4462-8D97-1414A1714204}.Release|Any CPU.ActiveCfg = Release|Any CPU
		{71A8C5B2-759C-4462-8D97-1414A1714204}.Release|Any CPU.Build.0 = Release|Any CPU
	EndGlobalSection
	GlobalSection(SolutionProperties) = preSolution
		HideSolutionNode = FALSE
	EndGlobalSection
	GlobalSection(ExtensibilityGlobals) = postSolution
		SolutionGuid = {FD826D4E-5F32-4EA4-AFF5-B9B75432173D}
	EndGlobalSection
EndGlobal
