
Microsoft Visual Studio Solution File, Format Version 12.00
# Visual Studio Version 17
VisualStudioVersion = 17.13.35731.43 d17.13
MinimumVisualStudioVersion = 10.0.40219.1
Project("{FAE04EC0-301F-11D3-BF4B-00C04F79EFBC}") = "Registration.MapArray", "Registration.MapArray\Registration.MapArray.csproj", "{E5FCCE88-F49F-1A94-B74D-B2B0C8A4EB40}"
EndProject
Project("{FAE04EC0-301F-11D3-BF4B-00C04F79EFBC}") = "Registration.Sample", "Registration.Sample\Registration.Sample.csproj", "{A626D5A7-D5AD-F124-25ED-B42161666653}"
EndProject
Project("{F184B08F-C81C-45F6-A57F-5ABD9991F28F}") = "Registration.Sample.VisualBasic", "Registration.Sample.VisualBasic\Registration.Sample.VisualBasic.vbproj", "{5888AF48-E105-46A1-1E94-872E4CFB81B6}"
EndProject
Project("{F2A71F9B-5D33-465A-A702-920D77279786}") = "Registration.Sample.FSharp", "Registration.Sample.FSharp\Registration.Sample.FSharp.fsproj", "{2FF488A8-C1EA-685C-C54D-72CDAEED728A}"
EndProject
Global
	GlobalSection(SolutionConfigurationPlatforms) = preSolution
		Debug|Any CPU = Debug|Any CPU
		Release|Any CPU = Release|Any CPU
	EndGlobalSection
	GlobalSection(ProjectConfigurationPlatforms) = postSolution
		{E5FCCE88-F49F-1A94-B74D-B2B0C8A4EB40}.Debug|Any CPU.ActiveCfg = Debug|Any CPU
		{E5FCCE88-F49F-1A94-B74D-B2B0C8A4EB40}.Debug|Any CPU.Build.0 = Debug|Any CPU
		{E5FCCE88-F49F-1A94-B74D-B2B0C8A4EB40}.Release|Any CPU.ActiveCfg = Release|Any CPU
		{E5FCCE88-F49F-1A94-B74D-B2B0C8A4EB40}.Release|Any CPU.Build.0 = Release|Any CPU
		{A626D5A7-D5AD-F124-25ED-B42161666653}.Debug|Any CPU.ActiveCfg = Debug|Any CPU
		{A626D5A7-D5AD-F124-25ED-B42161666653}.Debug|Any CPU.Build.0 = Debug|Any CPU
		{A626D5A7-D5AD-F124-25ED-B42161666653}.Release|Any CPU.ActiveCfg = Release|Any CPU
		{A626D5A7-D5AD-F124-25ED-B42161666653}.Release|Any CPU.Build.0 = Release|Any CPU
		{5888AF48-E105-46A1-1E94-872E4CFB81B6}.Debug|Any CPU.ActiveCfg = Debug|Any CPU
		{5888AF48-E105-46A1-1E94-872E4CFB81B6}.Debug|Any CPU.Build.0 = Debug|Any CPU
		{5888AF48-E105-46A1-1E94-872E4CFB81B6}.Release|Any CPU.ActiveCfg = Release|Any CPU
		{5888AF48-E105-46A1-1E94-872E4CFB81B6}.Release|Any CPU.Build.0 = Release|Any CPU
		{2FF488A8-C1EA-685C-C54D-72CDAEED728A}.Debug|Any CPU.ActiveCfg = Debug|Any CPU
		{2FF488A8-C1EA-685C-C54D-72CDAEED728A}.Debug|Any CPU.Build.0 = Debug|Any CPU
		{2FF488A8-C1EA-685C-C54D-72CDAEED728A}.Release|Any CPU.ActiveCfg = Release|Any CPU
		{2FF488A8-C1EA-685C-C54D-72CDAEED728A}.Release|Any CPU.Build.0 = Release|Any CPU
	EndGlobalSection
	GlobalSection(SolutionProperties) = preSolution
		HideSolutionNode = FALSE
	EndGlobalSection
	GlobalSection(ExtensibilityGlobals) = postSolution
		SolutionGuid = {E0DE204B-081B-4290-B0DE-83B5B99668F7}
	EndGlobalSection
EndGlobal
