
Microsoft Visual Studio Solution File, Format Version 12.00
# Visual Studio Version 16
VisualStudioVersion = 16.0.30225.117
MinimumVisualStudioVersion = 10.0.40219.1
Project("{FAE04EC0-301F-11D3-BF4B-00C04F79EFBC}") = "DnaComServer", "DnaComServer.csproj", "{5DB7CDE5-2379-4F53-9A6E-474419E9D97A}"
EndProject
Global
	GlobalSection(SolutionConfigurationPlatforms) = preSolution
		Debug|Any CPU = Debug|Any CPU
		Release|Any CPU = Release|Any CPU
	EndGlobalSection
	GlobalSection(ProjectConfigurationPlatforms) = postSolution
		{5DB7CDE5-2379-4F53-9A6E-474419E9D97A}.Debug|Any CPU.ActiveCfg = Debug|Any CPU
		{5DB7CDE5-2379-4F53-9A6E-474419E9D97A}.Debug|Any CPU.Build.0 = Debug|Any CPU
		{5DB7CDE5-2379-4F53-9A6E-474419E9D97A}.Release|Any CPU.ActiveCfg = Release|Any CPU
		{5DB7CDE5-2379-4F53-9A6E-474419E9D97A}.Release|Any CPU.Build.0 = Release|Any CPU
	EndGlobalSection
	GlobalSection(SolutionProperties) = preSolution
		HideSolutionNode = FALSE
	EndGlobalSection
	GlobalSection(ExtensibilityGlobals) = postSolution
		SolutionGuid = {CAB7F5C1-D7FD-4A38-B48E-DAA656ECC722}
	EndGlobalSection
EndGlobal
