
Microsoft Visual Studio Solution File, Format Version 12.00
# Visual Studio Version 16
VisualStudioVersion = 16.0.30128.74
MinimumVisualStudioVersion = 10.0.40219.1
Project("{FAE04EC0-301F-11D3-BF4B-00C04F79EFBC}") = "GenericHost", "GenericHost.csproj", "{745B1392-20A9-4E19-B13C-4894B813C88C}"
EndProject
Global
	GlobalSection(SolutionConfigurationPlatforms) = preSolution
		Debug|Any CPU = Debug|Any CPU
		Release|Any CPU = Release|Any CPU
	EndGlobalSection
	GlobalSection(ProjectConfigurationPlatforms) = postSolution
		{745B1392-20A9-4E19-B13C-4894B813C88C}.Debug|Any CPU.ActiveCfg = Debug|Any CPU
		{745B1392-20A9-4E19-B13C-4894B813C88C}.Debug|Any CPU.Build.0 = Debug|Any CPU
		{745B1392-20A9-4E19-B13C-4894B813C88C}.Release|Any CPU.ActiveCfg = Release|Any CPU
		{745B1392-20A9-4E19-B13C-4894B813C88C}.Release|Any CPU.Build.0 = Release|Any CPU
	EndGlobalSection
	GlobalSection(SolutionProperties) = preSolution
		HideSolutionNode = FALSE
	EndGlobalSection
	GlobalSection(ExtensibilityGlobals) = postSolution
		SolutionGuid = {250E4E51-0D0D-4EDC-88C9-0CA997BB9446}
	EndGlobalSection
EndGlobal
