
Microsoft Visual Studio Solution File, Format Version 12.00
# Visual Studio Version 16
VisualStudioVersion = 16.0.30225.117
MinimumVisualStudioVersion = 10.0.40219.1
Project("{FAE04EC0-301F-11D3-BF4B-00C04F79EFBC}") = "UsingRDotNet", "UsingRDotNet.csproj", "{48751D22-B975-4AA5-9CEF-8B854C844813}"
EndProject
Global
	GlobalSection(SolutionConfigurationPlatforms) = preSolution
		Debug|Any CPU = Debug|Any CPU
		Release|Any CPU = Release|Any CPU
	EndGlobalSection
	GlobalSection(ProjectConfigurationPlatforms) = postSolution
		{48751D22-B975-4AA5-9CEF-8B854C844813}.Debug|Any CPU.ActiveCfg = Debug|Any CPU
		{48751D22-B975-4AA5-9CEF-8B854C844813}.Debug|Any CPU.Build.0 = Debug|Any CPU
		{48751D22-B975-4AA5-9CEF-8B854C844813}.Release|Any CPU.ActiveCfg = Release|Any CPU
		{48751D22-B975-4AA5-9CEF-8B854C844813}.Release|Any CPU.Build.0 = Release|Any CPU
	EndGlobalSection
	GlobalSection(SolutionProperties) = preSolution
		HideSolutionNode = FALSE
	EndGlobalSection
	GlobalSection(ExtensibilityGlobals) = postSolution
		SolutionGuid = {5D023188-C471-4016-9A9A-608B4C41BF1F}
	EndGlobalSection
EndGlobal
