
Microsoft Visual Studio Solution File, Format Version 12.00
# Visual Studio 14
VisualStudioVersion = 14.0.25420.1
MinimumVisualStudioVersion = 10.0.40219.1
Project("{FAE04EC0-301F-11D3-BF4B-00C04F79EFBC}") = "Ribbon", "Ribbon.csproj", "{E3006E35-D991-4BA3-98B7-FA65DB01C895}"
EndProject
Project("{2150E333-8FDC-42A3-9474-1A3956D46DE8}") = "Solution Items", "Solution Items", "{E0EFA236-6923-49D5-991E-E1FC811C5DE0}"
	ProjectSection(SolutionItems) = preProject
		Readme.md = Readme.md
	EndProjectSection
EndProject
Global
	GlobalSection(SolutionConfigurationPlatforms) = preSolution
		Debug|Any CPU = Debug|Any CPU
		Release|Any CPU = Release|Any CPU
	EndGlobalSection
	GlobalSection(ProjectConfigurationPlatforms) = postSolution
		{E3006E35-D991-4BA3-98B7-FA65DB01C895}.Debug|Any CPU.ActiveCfg = Debug|Any CPU
		{E3006E35-D991-4BA3-98B7-FA65DB01C895}.Debug|Any CPU.Build.0 = Debug|Any CPU
		{E3006E35-D991-4BA3-98B7-FA65DB01C895}.Release|Any CPU.ActiveCfg = Release|Any CPU
		{E3006E35-D991-4BA3-98B7-FA65DB01C895}.Release|Any CPU.Build.0 = Release|Any CPU
	EndGlobalSection
	GlobalSection(SolutionProperties) = preSolution
		HideSolutionNode = FALSE
	EndGlobalSection
EndGlobal
