
Microsoft Visual Studio Solution File, Format Version 12.00
# Visual Studio Version 16
VisualStudioVersion = 16.0.30225.117
MinimumVisualStudioVersion = 10.0.40219.1
Project("{FAE04EC0-301F-11D3-BF4B-00C04F79EFBC}") = "ObjectHandles", "ObjectHandles.csproj", "{FFE58FA9-DB48-431E-853D-652DB6C61E91}"
EndProject
Global
	GlobalSection(SolutionConfigurationPlatforms) = preSolution
		Debug|Any CPU = Debug|Any CPU
		Release|Any CPU = Release|Any CPU
	EndGlobalSection
	GlobalSection(ProjectConfigurationPlatforms) = postSolution
		{FFE58FA9-DB48-431E-853D-652DB6C61E91}.Debug|Any CPU.ActiveCfg = Debug|Any CPU
		{FFE58FA9-DB48-431E-853D-652DB6C61E91}.Debug|Any CPU.Build.0 = Debug|Any CPU
		{FFE58FA9-DB48-431E-853D-652DB6C61E91}.Release|Any CPU.ActiveCfg = Release|Any CPU
		{FFE58FA9-DB48-431E-853D-652DB6C61E91}.Release|Any CPU.Build.0 = Release|Any CPU
	EndGlobalSection
	GlobalSection(SolutionProperties) = preSolution
		HideSolutionNode = FALSE
	EndGlobalSection
	GlobalSection(ExtensibilityGlobals) = postSolution
		SolutionGuid = {C73CD8F6-CBEB-404B-9838-E3F4F96344EE}
	EndGlobalSection
EndGlobal
