
Microsoft Visual Studio Solution File, Format Version 12.00
# Visual Studio Version 17
VisualStudioVersion = 17.9.34511.98
MinimumVisualStudioVersion = 10.0.40219.1
Project("{FAE04EC0-301F-11D3-BF4B-00C04F79EFBC}") = "AsyncBatch", "AsyncBatch\AsyncBatch.csproj", "{C316CA53-7F87-4BCD-B228-CC3490069C5C}"
EndProject
Global
	GlobalSection(SolutionConfigurationPlatforms) = preSolution
		Debug|Any CPU = Debug|Any CPU
		Release|Any CPU = Release|Any CPU
	EndGlobalSection
	GlobalSection(ProjectConfigurationPlatforms) = postSolution
		{C316CA53-7F87-4BCD-B228-CC3490069C5C}.Debug|Any CPU.ActiveCfg = Debug|Any CPU
		{C316CA53-7F87-4BCD-B228-CC3490069C5C}.Debug|Any CPU.Build.0 = Debug|Any CPU
		{C316CA53-7F87-4BCD-B228-CC3490069C5C}.Release|Any CPU.ActiveCfg = Release|Any CPU
		{C316CA53-7F87-4BCD-B228-CC3490069C5C}.Release|Any CPU.Build.0 = Release|Any CPU
	EndGlobalSection
	GlobalSection(SolutionProperties) = preSolution
		HideSolutionNode = FALSE
	EndGlobalSection
	GlobalSection(ExtensibilityGlobals) = postSolution
		SolutionGuid = {51BD4F65-1301-4621-899C-B214EA36342B}
	EndGlobalSection
EndGlobal
