
Microsoft Visual Studio Solution File, Format Version 12.00
# Visual Studio Version 16
VisualStudioVersion = 16.0.29728.190
MinimumVisualStudioVersion = 10.0.40219.1
Project("{FAE04EC0-301F-11D3-BF4B-00C04F79EFBC}") = "AsyncHelloWorld", "ClassLibrary1\AsyncHelloWorld.csproj", "{8A824595-AF85-4375-B814-FB8D45AE0E17}"
EndProject
Global
	GlobalSection(SolutionConfigurationPlatforms) = preSolution
		Debug|Any CPU = Debug|Any CPU
		Release|Any CPU = Release|Any CPU
	EndGlobalSection
	GlobalSection(ProjectConfigurationPlatforms) = postSolution
		{8A824595-AF85-4375-B814-FB8D45AE0E17}.Debug|Any CPU.ActiveCfg = Debug|Any CPU
		{8A824595-AF85-4375-B814-FB8D45AE0E17}.Debug|Any CPU.Build.0 = Debug|Any CPU
		{8A824595-AF85-4375-B814-FB8D45AE0E17}.Release|Any CPU.ActiveCfg = Release|Any CPU
		{8A824595-AF85-4375-B814-FB8D45AE0E17}.Release|Any CPU.Build.0 = Release|Any CPU
	EndGlobalSection
	GlobalSection(SolutionProperties) = preSolution
		HideSolutionNode = FALSE
	EndGlobalSection
	GlobalSection(ExtensibilityGlobals) = postSolution
		SolutionGuid = {98BC25B1-433B-4C56-B9E7-8F9DE92BE380}
	EndGlobalSection
EndGlobal
