
Microsoft Visual Studio Solution File, Format Version 12.00
# Visual Studio Version 16
VisualStudioVersion = 16.0.30225.117
MinimumVisualStudioVersion = 10.0.40219.1
Project("{FAE04EC0-301F-11D3-BF4B-00C04F79EFBC}") = "LimitedConcurrencyAsync", "LimitedConcurrencyAsync.csproj", "{14DBD3AF-2C87-4602-8F20-452A83551580}"
EndProject
Global
	GlobalSection(SolutionConfigurationPlatforms) = preSolution
		Debug|Any CPU = Debug|Any CPU
		Release|Any CPU = Release|Any CPU
	EndGlobalSection
	GlobalSection(ProjectConfigurationPlatforms) = postSolution
		{14DBD3AF-2C87-4602-8F20-452A83551580}.Debug|Any CPU.ActiveCfg = Debug|Any CPU
		{14DBD3AF-2C87-4602-8F20-452A83551580}.Debug|Any CPU.Build.0 = Debug|Any CPU
		{14DBD3AF-2C87-4602-8F20-452A83551580}.Release|Any CPU.ActiveCfg = Release|Any CPU
		{14DBD3AF-2C87-4602-8F20-452A83551580}.Release|Any CPU.Build.0 = Release|Any CPU
	EndGlobalSection
	GlobalSection(SolutionProperties) = preSolution
		HideSolutionNode = FALSE
	EndGlobalSection
	GlobalSection(ExtensibilityGlobals) = postSolution
		SolutionGuid = {2047C156-BAEC-452B-968A-D53FF78D6AF3}
	EndGlobalSection
EndGlobal
