
Microsoft Visual Studio Solution File, Format Version 12.00
# Visual Studio Version 17
VisualStudioVersion = 17.1.32421.90
MinimumVisualStudioVersion = 10.0.40219.1
Project("{FAE04EC0-301F-11D3-BF4B-00C04F79EFBC}") = "GetInfoFunctions", "GetInfoFunctions.csproj", "{EAA59F9D-23AF-4C63-BE26-DE14403E0A09}"
EndProject
Global
	GlobalSection(SolutionConfigurationPlatforms) = preSolution
		Debug|Any CPU = Debug|Any CPU
		Release|Any CPU = Release|Any CPU
	EndGlobalSection
	GlobalSection(ProjectConfigurationPlatforms) = postSolution
		{EAA59F9D-23AF-4C63-BE26-DE14403E0A09}.Debug|Any CPU.ActiveCfg = Debug|Any CPU
		{EAA59F9D-23AF-4C63-BE26-DE14403E0A09}.Debug|Any CPU.Build.0 = Debug|Any CPU
		{EAA59F9D-23AF-4C63-BE26-DE14403E0A09}.Release|Any CPU.ActiveCfg = Release|Any CPU
		{EAA59F9D-23AF-4C63-BE26-DE14403E0A09}.Release|Any CPU.Build.0 = Release|Any CPU
	EndGlobalSection
	GlobalSection(SolutionProperties) = preSolution
		HideSolutionNode = FALSE
	EndGlobalSection
	GlobalSection(ExtensibilityGlobals) = postSolution
		SolutionGuid = {00EC7FC1-2B48-4271-A7A5-F0FFE23AB31C}
	EndGlobalSection
EndGlobal
