
Microsoft Visual Studio Solution File, Format Version 12.00
# Visual Studio Version 16
VisualStudioVersion = 16.0.30225.117
MinimumVisualStudioVersion = 10.0.40219.1
Project("{FAE04EC0-301F-11D3-BF4B-00C04F79EFBC}") = "AsyncAwaitMacro", "AsyncAwaitMacro.csproj", "{FB69CBC0-0DAD-4AE9-A4C0-ADEBE82D8F2C}"
EndProject
Global
	GlobalSection(SolutionConfigurationPlatforms) = preSolution
		Debug|Any CPU = Debug|Any CPU
		Release|Any CPU = Release|Any CPU
	EndGlobalSection
	GlobalSection(ProjectConfigurationPlatforms) = postSolution
		{FB69CBC0-0DAD-4AE9-A4C0-ADEBE82D8F2C}.Debug|Any CPU.ActiveCfg = Debug|Any CPU
		{FB69CBC0-0DAD-4AE9-A4C0-ADEBE82D8F2C}.Debug|Any CPU.Build.0 = Debug|Any CPU
		{FB69CBC0-0DAD-4AE9-A4C0-ADEBE82D8F2C}.Release|Any CPU.ActiveCfg = Release|Any CPU
		{FB69CBC0-0DAD-4AE9-A4C0-ADEBE82D8F2C}.Release|Any CPU.Build.0 = Release|Any CPU
	EndGlobalSection
	GlobalSection(SolutionProperties) = preSolution
		HideSolutionNode = FALSE
	EndGlobalSection
	GlobalSection(ExtensibilityGlobals) = postSolution
		SolutionGuid = {DCA2CA00-8591-4FFE-A07A-5F9B753E6345}
	EndGlobalSection
EndGlobal
